
Microsoft Visual Studio Solution File, Format Version 12.00
# Visual Studio Version 17
VisualStudioVersion = 17.8.34322.80
MinimumVisualStudioVersion = 10.0.40219.1
Project("{FAE04EC0-301F-11D3-BF4B-00C04F79EFBC}") = "RedisLiteServer", "RedisLiteServer\RedisLiteServer.csproj", "{0B3A47FC-7C6E-439F-934D-19419C351BCF}"
EndProject
Global
	GlobalSection(SolutionConfigurationPlatforms) = preSolution
		Debug|Any CPU = Debug|Any CPU
		Release|Any CPU = Release|Any CPU
	EndGlobalSection
	GlobalSection(ProjectConfigurationPlatforms) = postSolution
		{0B3A47FC-7C6E-439F-934D-19419C351BCF}.Debug|Any CPU.ActiveCfg = Debug|Any CPU
		{0B3A47FC-7C6E-439F-934D-19419C351BCF}.Debug|Any CPU.Build.0 = Debug|Any CPU
		{0B3A47FC-7C6E-439F-934D-19419C351BCF}.Release|Any CPU.ActiveCfg = Release|Any CPU
		{0B3A47FC-7C6E-439F-934D-19419C351BCF}.Release|Any CPU.Build.0 = Release|Any CPU
	EndGlobalSection
	GlobalSection(SolutionProperties) = preSolution
		HideSolutionNode = FALSE
	EndGlobalSection
	GlobalSection(ExtensibilityGlobals) = postSolution
		SolutionGuid = {5930B927-7450-491A-B2F3-51BD01671D86}
	EndGlobalSection
EndGlobal
